
Microsoft Visual Studio Solution File, Format Version 12.00
# Visual Studio 15
VisualStudioVersion = 15.0.28307.329
MinimumVisualStudioVersion = 10.0.40219.1
Project("{FAE04EC0-301F-11D3-BF4B-00C04F79EFBC}") = "StartingNewTask", "StartingNewTask\StartingNewTask.csproj", "{F1D5FF85-CC34-4A51-A4A5-BAABA7C5397B}"
EndProject
Global
	GlobalSection(SolutionConfigurationPlatforms) = preSolution
		Debug|Any CPU = Debug|Any CPU
		Release|Any CPU = Release|Any CPU
	EndGlobalSection
	GlobalSection(ProjectConfigurationPlatforms) = postSolution
		{F1D5FF85-CC34-4A51-A4A5-BAABA7C5397B}.Debug|Any CPU.ActiveCfg = Debug|Any CPU
		{F1D5FF85-CC34-4A51-A4A5-BAABA7C5397B}.Debug|Any CPU.Build.0 = Debug|Any CPU
		{F1D5FF85-CC34-4A51-A4A5-BAABA7C5397B}.Release|Any CPU.ActiveCfg = Release|Any CPU
		{F1D5FF85-CC34-4A51-A4A5-BAABA7C5397B}.Release|Any CPU.Build.0 = Release|Any CPU
	EndGlobalSection
	GlobalSection(SolutionProperties) = preSolution
		HideSolutionNode = FALSE
	EndGlobalSection
	GlobalSection(ExtensibilityGlobals) = postSolution
		SolutionGuid = {AFE1461F-06F3-4CD0-8EED-55E359AC0177}
	EndGlobalSection
EndGlobal
